Microsoft Visual Studio Solution File, Format Version 12.00
# Visual Studio Version 17
VisualStudioVersion = 17.5.2.0
MinimumVisualStudioVersion = 10.0.40219.1
Project("{FAE04EC0-301F-11D3-BF4B-00C04F79EFBC}") = "app_asistencia_saferisk", "app_asistencia_saferisk.csproj", "{17637EF4-3CF0-D5EA-3F40-BAF7DD4AB3F2}"
EndProject
Global
	GlobalSection(SolutionConfigurationPlatforms) = preSolution
		Debug|Any CPU = Debug|Any CPU
		Release|Any CPU = Release|Any CPU
	EndGlobalSection
	GlobalSection(ProjectConfigurationPlatforms) = postSolution
		{17637EF4-3CF0-D5EA-3F40-BAF7DD4AB3F2}.Debug|Any CPU.ActiveCfg = Debug|Any CPU
		{17637EF4-3CF0-D5EA-3F40-BAF7DD4AB3F2}.Debug|Any CPU.Build.0 = Debug|Any CPU
		{17637EF4-3CF0-D5EA-3F40-BAF7DD4AB3F2}.Release|Any CPU.ActiveCfg = Release|Any CPU
		{17637EF4-3CF0-D5EA-3F40-BAF7DD4AB3F2}.Release|Any CPU.Build.0 = Release|Any CPU
	EndGlobalSection
	GlobalSection(SolutionProperties) = preSolution
		HideSolutionNode = FALSE
	EndGlobalSection
	GlobalSection(ExtensibilityGlobals) = postSolution
		SolutionGuid = {17CDA60B-BEC3-43C7-BD96-63569D21823B}
	EndGlobalSection
EndGlobal
